
Microsoft Visual Studio Solution File, Format Version 12.00
Project("{FAE04EC0-301F-11D3-BF4B-00C04F79EFBC}") = "SOLab2", "SOLab2.csproj", "{DF3239E8-087E-4602-9177-7B384F4E4CB2}"
EndProject
Global
	GlobalSection(SolutionConfigurationPlatforms) = preSolution
		Debug|Any CPU = Debug|Any CPU
		Release|Any CPU = Release|Any CPU
	EndGlobalSection
	GlobalSection(ProjectConfigurationPlatforms) = postSolution
		{DF3239E8-087E-4602-9177-7B384F4E4CB2}.Debug|Any CPU.ActiveCfg = Debug|Any CPU
		{DF3239E8-087E-4602-9177-7B384F4E4CB2}.Debug|Any CPU.Build.0 = Debug|Any CPU
		{DF3239E8-087E-4602-9177-7B384F4E4CB2}.Release|Any CPU.ActiveCfg = Release|Any CPU
		{DF3239E8-087E-4602-9177-7B384F4E4CB2}.Release|Any CPU.Build.0 = Release|Any CPU
	EndGlobalSection
EndGlobal
